
Microsoft Visual Studio Solution File, Format Version 12.00
# Visual Studio Version 17
VisualStudioVersion = 17.5.002.0
MinimumVisualStudioVersion = 10.0.40219.1
Project("{9A19103F-16F7-4668-BE54-9A1E7A4F7556}") = "Gennemsnitlig Karakter", "Gennemsnitlig Karakter.csproj", "{20E218AE-761A-4D4C-8275-CDC1A889675D}"
EndProject
Global
	GlobalSection(SolutionConfigurationPlatforms) = preSolution
		Debug|Any CPU = Debug|Any CPU
		Release|Any CPU = Release|Any CPU
	EndGlobalSection
	GlobalSection(ProjectConfigurationPlatforms) = postSolution
		{20E218AE-761A-4D4C-8275-CDC1A889675D}.Debug|Any CPU.ActiveCfg = Debug|Any CPU
		{20E218AE-761A-4D4C-8275-CDC1A889675D}.Debug|Any CPU.Build.0 = Debug|Any CPU
		{20E218AE-761A-4D4C-8275-CDC1A889675D}.Release|Any CPU.ActiveCfg = Release|Any CPU
		{20E218AE-761A-4D4C-8275-CDC1A889675D}.Release|Any CPU.Build.0 = Release|Any CPU
	EndGlobalSection
	GlobalSection(SolutionProperties) = preSolution
		HideSolutionNode = FALSE
	EndGlobalSection
	GlobalSection(ExtensibilityGlobals) = postSolution
		SolutionGuid = {F0684A90-D97A-4C3C-A736-9B754AFA0C65}
	EndGlobalSection
EndGlobal
