
Microsoft Visual Studio Solution File, Format Version 12.00
# Visual Studio Version 17
VisualStudioVersion = 17.5.002.0
MinimumVisualStudioVersion = 10.0.40219.1
Project("{9A19103F-16F7-4668-BE54-9A1E7A4F7556}") = "Excersises", "Excersises.csproj", "{77EADFD9-377E-4E35-82D6-4318FC788561}"
EndProject
Global
	GlobalSection(SolutionConfigurationPlatforms) = preSolution
		Debug|Any CPU = Debug|Any CPU
		Release|Any CPU = Release|Any CPU
	EndGlobalSection
	GlobalSection(ProjectConfigurationPlatforms) = postSolution
		{77EADFD9-377E-4E35-82D6-4318FC788561}.Debug|Any CPU.ActiveCfg = Debug|Any CPU
		{77EADFD9-377E-4E35-82D6-4318FC788561}.Debug|Any CPU.Build.0 = Debug|Any CPU
		{77EADFD9-377E-4E35-82D6-4318FC788561}.Release|Any CPU.ActiveCfg = Release|Any CPU
		{77EADFD9-377E-4E35-82D6-4318FC788561}.Release|Any CPU.Build.0 = Release|Any CPU
	EndGlobalSection
	GlobalSection(SolutionProperties) = preSolution
		HideSolutionNode = FALSE
	EndGlobalSection
	GlobalSection(ExtensibilityGlobals) = postSolution
		SolutionGuid = {1423E716-5B39-4782-BB80-378936C70460}
	EndGlobalSection
EndGlobal
